// !$*UTF8*$!
{
	archiveVersion = 1;
	classes = {
	};
	objectVersion = 50;
	objects = {

/* Begin PBXBuildFile section */
		C966C6DA24081B9D00A96F9E /* HTTPClient.swift in Sources */ = {isa = PBXBuildFile; fileRef = C966C6D924081B9D00A96F9E /* HTTPClient.swift */; };
		C97D99002406809E0002DD4C /* AutoCompleteModel.swift in Sources */ = {isa = PBXBuildFile; fileRef = C97D98FF2406809E0002DD4C /* AutoCompleteModel.swift */; };
		C97D99042406BE230002DD4C /* WeeklyForecastModel.swift in Sources */ = {isa = PBXBuildFile; fileRef = C97D99032406BE230002DD4C /* WeeklyForecastModel.swift */; };
		C97D99082407FF3E0002DD4C /* TwelveHoursForecast.swift in Sources */ = {isa = PBXBuildFile; fileRef = C97D99072407FF3E0002DD4C /* TwelveHoursForecast.swift */; };
		C9C9614C23FAD77400A135F1 /* AppDelegate.swift in Sources */ = {isa = PBXBuildFile; fileRef = C9C9614B23FAD77400A135F1 /* AppDelegate.swift */; };
		C9C9614E23FAD77400A135F1 /* SceneDelegate.swift in Sources */ = {isa = PBXBuildFile; fileRef = C9C9614D23FAD77400A135F1 /* SceneDelegate.swift */; };
		C9C9615023FAD77400A135F1 /* ViewController.swift in Sources */ = {isa = PBXBuildFile; fileRef = C9C9614F23FAD77400A135F1 /* ViewController.swift */; };
		C9C9615323FAD77400A135F1 /* Main.storyboard in Resources */ = {isa = PBXBuildFile; fileRef = C9C9615123FAD77400A135F1 /* Main.storyboard */; };
		C9C9615523FAD77700A135F1 /* Assets.xcassets in Resources */ = {isa = PBXBuildFile; fileRef = C9C9615423FAD77700A135F1 /* Assets.xcassets */; };
		C9C9615823FAD77700A135F1 /* LaunchScreen.storyboard in Resources */ = {isa = PBXBuildFile; fileRef = C9C9615623FAD77700A135F1 /* LaunchScreen.storyboard */; };
		C9C9616323FAD77700A135F1 /* AstroWeatherTests.swift in Sources */ = {isa = PBXBuildFile; fileRef = C9C9616223FAD77700A135F1 /* AstroWeatherTests.swift */; };
		C9C9616E23FAD77700A135F1 /* AstroWeatherUITests.swift in Sources */ = {isa = PBXBuildFile; fileRef = C9C9616D23FAD77700A135F1 /* AstroWeatherUITests.swift */; };
/* End PBXBuildFile section */

/* Begin PBXContainerItemProxy section */
		C9C9615F23FAD77700A135F1 /* PBXContainerItemProxy */ = {
			isa = PBXContainerItemProxy;
			containerPortal = C9C9614023FAD77400A135F1 /* Project object */;
			proxyType = 1;
			remoteGlobalIDString = C9C9614723FAD77400A135F1;
			remoteInfo = AstroWeather;
		};
		C9C9616A23FAD77700A135F1 /* PBXContainerItemProxy */ = {
			isa = PBXContainerItemProxy;
			containerPortal = C9C9614023FAD77400A135F1 /* Project object */;
			proxyType = 1;
			remoteGlobalIDString = C9C9614723FAD77400A135F1;
			remoteInfo = AstroWeather;
		};
/* End PBXContainerItemProxy section */

/* Begin PBXFileReference section */
		C966C6D924081B9D00A96F9E /* HTTPClient.swift */ = {isa = PBXFileReference; lastKnownFileType = sourcecode.swift; path = HTTPClient.swift; sourceTree = "<group>"; };
		C97D98FF2406809E0002DD4C /* AutoCompleteModel.swift */ = {isa = PBXFileReference; lastKnownFileType = sourcecode.swift; path = AutoCompleteModel.swift; sourceTree = "<group>"; };
		C97D99032406BE230002DD4C /* WeeklyForecastModel.swift */ = {isa = PBXFileReference; lastKnownFileType = sourcecode.swift; path = WeeklyForecastModel.swift; sourceTree = "<group>"; };
		C97D99072407FF3E0002DD4C /* TwelveHoursForecast.swift */ = {isa = PBXFileReference; lastKnownFileType = sourcecode.swift; path = TwelveHoursForecast.swift; sourceTree = "<group>"; };
		C9C9614823FAD77400A135F1 /* AstroWeather.app */ = {isa = PBXFileReference; explicitFileType = wrapper.application; includeInIndex = 0; path = AstroWeather.app; sourceTree = BUILT_PRODUCTS_DIR; };
		C9C9614B23FAD77400A135F1 /* AppDelegate.swift */ = {isa = PBXFileReference; lastKnownFileType = sourcecode.swift; path = AppDelegate.swift; sourceTree = "<group>"; };
		C9C9614D23FAD77400A135F1 /* SceneDelegate.swift */ = {isa = PBXFileReference; lastKnownFileType = sourcecode.swift; path = SceneDelegate.swift; sourceTree = "<group>"; };
		C9C9614F23FAD77400A135F1 /* ViewController.swift */ = {isa = PBXFileReference; lastKnownFileType = sourcecode.swift; path = ViewController.swift; sourceTree = "<group>"; };
		C9C9615223FAD77400A135F1 /* Base */ = {isa = PBXFileReference; lastKnownFileType = file.storyboard; name = Base; path = Base.lproj/Main.storyboard; sourceTree = "<group>"; };
		C9C9615423FAD77700A135F1 /* Assets.xcassets */ = {isa = PBXFileReference; lastKnownFileType = folder.assetcatalog; path = Assets.xcassets; sourceTree = "<group>"; };
		C9C9615723FAD77700A135F1 /* Base */ = {isa = PBXFileReference; lastKnownFileType = file.storyboard; name = Base; path = Base.lproj/LaunchScreen.storyboard; sourceTree = "<group>"; };
		C9C9615923FAD77700A135F1 /* Info.plist */ = {isa = PBXFileReference; lastKnownFileType = text.plist.xml; path = Info.plist; sourceTree = "<group>"; };
		C9C9615E23FAD77700A135F1 /* AstroWeatherTests.xctest */ = {isa = PBXFileReference; explicitFileType = wrapper.cfbundle; includeInIndex = 0; path = AstroWeatherTests.xctest; sourceTree = BUILT_PRODUCTS_DIR; };
		C9C9616223FAD77700A135F1 /* AstroWeatherTests.swift */ = {isa = PBXFileReference; lastKnownFileType = sourcecode.swift; path = AstroWeatherTests.swift; sourceTree = "<group>"; };
		C9C9616423FAD77700A135F1 /* Info.plist */ = {isa = PBXFileReference; lastKnownFileType = text.plist.xml; path = Info.plist; sourceTree = "<group>"; };
		C9C9616923FAD77700A135F1 /* AstroWeatherUITests.xctest */ = {isa = PBXFileReference; explicitFileType = wrapper.cfbundle; includeInIndex = 0; path = AstroWeatherUITests.xctest; sourceTree = BUILT_PRODUCTS_DIR; };
		C9C9616D23FAD77700A135F1 /* AstroWeatherUITests.swift */ = {isa = PBXFileReference; lastKnownFileType = sourcecode.swift; path = AstroWeatherUITests.swift; sourceTree = "<group>"; };
		C9C9616F23FAD77700A135F1 /* Info.plist */ = {isa = PBXFileReference; lastKnownFileType = text.plist.xml; path = Info.plist; sourceTree = "<group>"; };
/* End PBXFileReference section */

/* Begin PBXFrameworksBuildPhase section */
		C9C9614523FAD77400A135F1 /* Frameworks */ = {
			isa = PBXFrameworksBuildPhase;
			buildActionMask = 2147483647;
			files = (
			);
			runOnlyForDeploymentPostprocessing = 0;
		};
		C9C9615B23FAD77700A135F1 /* Frameworks */ = {
			isa = PBXFrameworksBuildPhase;
			buildActionMask = 2147483647;
			files = (
			);
			runOnlyForDeploymentPostprocessing = 0;
		};
		C9C9616623FAD77700A135F1 /* Frameworks */ = {
			isa = PBXFrameworksBuildPhase;
			buildActionMask = 2147483647;
			files = (
			);
			runOnlyForDeploymentPostprocessing = 0;
		};
/* End PBXFrameworksBuildPhase section */

/* Begin PBXGroup section */
		C9C9613F23FAD77400A135F1 = {
			isa = PBXGroup;
			children = (
				C9C9614A23FAD77400A135F1 /* AstroWeather */,
				C9C9616123FAD77700A135F1 /* AstroWeatherTests */,
				C9C9616C23FAD77700A135F1 /* AstroWeatherUITests */,
				C9C9614923FAD77400A135F1 /* Products */,
			);
			sourceTree = "<group>";
		};
		C9C9614923FAD77400A135F1 /* Products */ = {
			isa = PBXGroup;
			children = (
				C9C9614823FAD77400A135F1 /* AstroWeather.app */,
				C9C9615E23FAD77700A135F1 /* AstroWeatherTests.xctest */,
				C9C9616923FAD77700A135F1 /* AstroWeatherUITests.xctest */,
			);
			name = Products;
			sourceTree = "<group>";
		};
		C9C9614A23FAD77400A135F1 /* AstroWeather */ = {
			isa = PBXGroup;
			children = (
				C9C9617B23FBE62700A135F1 /* Models */,
				C9C9614B23FAD77400A135F1 /* AppDelegate.swift */,
				C9C9614D23FAD77400A135F1 /* SceneDelegate.swift */,
				C9C9614F23FAD77400A135F1 /* ViewController.swift */,
				C9C9615123FAD77400A135F1 /* Main.storyboard */,
				C9C9615423FAD77700A135F1 /* Assets.xcassets */,
				C9C9615623FAD77700A135F1 /* LaunchScreen.storyboard */,
				C9C9615923FAD77700A135F1 /* Info.plist */,
				C966C6D924081B9D00A96F9E /* HTTPClient.swift */,
			);
			path = AstroWeather;
			sourceTree = "<group>";
		};
		C9C9616123FAD77700A135F1 /* AstroWeatherTests */ = {
			isa = PBXGroup;
			children = (
				C9C9616223FAD77700A135F1 /* AstroWeatherTests.swift */,
				C9C9616423FAD77700A135F1 /* Info.plist */,
			);
			path = AstroWeatherTests;
			sourceTree = "<group>";
		};
		C9C9616C23FAD77700A135F1 /* AstroWeatherUITests */ = {
			isa = PBXGroup;
			children = (
				C9C9616D23FAD77700A135F1 /* AstroWeatherUITests.swift */,
				C9C9616F23FAD77700A135F1 /* Info.plist */,
			);
			path = AstroWeatherUITests;
			sourceTree = "<group>";
		};
		C9C9617B23FBE62700A135F1 /* Models */ = {
			isa = PBXGroup;
			children = (
				C97D98FF2406809E0002DD4C /* AutoCompleteModel.swift */,
				C97D99032406BE230002DD4C /* WeeklyForecastModel.swift */,
				C97D99072407FF3E0002DD4C /* TwelveHoursForecast.swift */,
			);
			path = Models;
			sourceTree = "<group>";
		};
/* End PBXGroup section */

/* Begin PBXNativeTarget section */
		C9C9614723FAD77400A135F1 /* AstroWeather */ = {
			isa = PBXNativeTarget;
			buildConfigurationList = C9C9617223FAD77700A135F1 /* Build configuration list for PBXNativeTarget "AstroWeather" */;
			buildPhases = (
				C9C9614423FAD77400A135F1 /* Sources */,
				C9C9614523FAD77400A135F1 /* Frameworks */,
				C9C9614623FAD77400A135F1 /* Resources */,
			);
			buildRules = (
			);
			dependencies = (
			);
			name = AstroWeather;
			productName = AstroWeather;
			productReference = C9C9614823FAD77400A135F1 /* AstroWeather.app */;
			productType = "com.apple.product-type.application";
		};
		C9C9615D23FAD77700A135F1 /* AstroWeatherTests */ = {
			isa = PBXNativeTarget;
			buildConfigurationList = C9C9617523FAD77700A135F1 /* Build configuration list for PBXNativeTarget "AstroWeatherTests" */;
			buildPhases = (
				C9C9615A23FAD77700A135F1 /* Sources */,
				C9C9615B23FAD77700A135F1 /* Frameworks */,
				C9C9615C23FAD77700A135F1 /* Resources */,
			);
			buildRules = (
			);
			dependencies = (
				C9C9616023FAD77700A135F1 /* PBXTargetDependency */,
			);
			name = AstroWeatherTests;
			productName = AstroWeatherTests;
			productReference = C9C9615E23FAD77700A135F1 /* AstroWeatherTests.xctest */;
			productType = "com.apple.product-type.bundle.unit-test";
		};
		C9C9616823FAD77700A135F1 /* AstroWeatherUITests */ = {
			isa = PBXNativeTarget;
			buildConfigurationList = C9C9617823FAD77700A135F1 /* Build configuration list for PBXNativeTarget "AstroWeatherUITests" */;
			buildPhases = (
				C9C9616523FAD77700A135F1 /* Sources */,
				C9C9616623FAD77700A135F1 /* Frameworks */,
				C9C9616723FAD77700A135F1 /* Resources */,
			);
			buildRules = (
			);
			dependencies = (
				C9C9616B23FAD77700A135F1 /* PBXTargetDependency */,
			);
			name = AstroWeatherUITests;
			productName = AstroWeatherUITests;
			productReference = C9C9616923FAD77700A135F1 /* AstroWeatherUITests.xctest */;
			productType = "com.apple.product-type.bundle.ui-testing";
		};
/* End PBXNativeTarget section */

/* Begin PBXProject section */
		C9C9614023FAD77400A135F1 /* Project object */ = {
			isa = PBXProject;
			attributes = {
				LastSwiftUpdateCheck = 1130;
				LastUpgradeCheck = 1130;
				ORGANIZATIONNAME = "Nofar Efraim";
				TargetAttributes = {
					C9C9614723FAD77400A135F1 = {
						CreatedOnToolsVersion = 11.3;
					};
					C9C9615D23FAD77700A135F1 = {
						CreatedOnToolsVersion = 11.3;
						TestTargetID = C9C9614723FAD77400A135F1;
					};
					C9C9616823FAD77700A135F1 = {
						CreatedOnToolsVersion = 11.3;
						TestTargetID = C9C9614723FAD77400A135F1;
					};
				};
			};
			buildConfigurationList = C9C9614323FAD77400A135F1 /* Build configuration list for PBXProject "AstroWeather" */;
			compatibilityVersion = "Xcode 9.3";
			developmentRegion = en;
			hasScannedForEncodings = 0;
			knownRegions = (
				en,
				Base,
			);
			mainGroup = C9C9613F23FAD77400A135F1;
			productRefGroup = C9C9614923FAD77400A135F1 /* Products */;
			projectDirPath = "";
			projectRoot = "";
			targets = (
				C9C9614723FAD77400A135F1 /* AstroWeather */,
				C9C9615D23FAD77700A135F1 /* AstroWeatherTests */,
				C9C9616823FAD77700A135F1 /* AstroWeatherUITests */,
			);
		};
/* End PBXProject section */

/* Begin PBXResourcesBuildPhase section */
		C9C9614623FAD77400A135F1 /* Resources */ = {
			isa = PBXResourcesBuildPhase;
			buildActionMask = 2147483647;
			files = (
				C9C9615823FAD77700A135F1 /* LaunchScreen.storyboard in Resources */,
				C9C9615523FAD77700A135F1 /* Assets.xcassets in Resources */,
				C9C9615323FAD77400A135F1 /* Main.storyboard in Resources */,
			);
			runOnlyForDeploymentPostprocessing = 0;
		};
		C9C9615C23FAD77700A135F1 /* Resources */ = {
			isa = PBXResourcesBuildPhase;
			buildActionMask = 2147483647;
			files = (
			);
			runOnlyForDeploymentPostprocessing = 0;
		};
		C9C9616723FAD77700A135F1 /* Resources */ = {
			isa = PBXResourcesBuildPhase;
			buildActionMask = 2147483647;
			files = (
			);
			runOnlyForDeploymentPostprocessing = 0;
		};
/* End PBXResourcesBuildPhase section */

/* Begin PBXSourcesBuildPhase section */
		C9C9614423FAD77400A135F1 /* Sources */ = {
			isa = PBXSourcesBuildPhase;
			buildActionMask = 2147483647;
			files = (
				C97D99042406BE230002DD4C /* WeeklyForecastModel.swift in Sources */,
				C9C9615023FAD77400A135F1 /* ViewController.swift in Sources */,
				C97D99002406809E0002DD4C /* AutoCompleteModel.swift in Sources */,
				C966C6DA24081B9D00A96F9E /* HTTPClient.swift in Sources */,
				C9C9614C23FAD77400A135F1 /* AppDelegate.swift in Sources */,
				C97D99082407FF3E0002DD4C /* TwelveHoursForecast.swift in Sources */,
				C9C9614E23FAD77400A135F1 /* SceneDelegate.swift in Sources */,
			);
			runOnlyForDeploymentPostprocessing = 0;
		};
		C9C9615A23FAD77700A135F1 /* Sources */ = {
			isa = PBXSourcesBuildPhase;
			buildActionMask = 2147483647;
			files = (
				C9C9616323FAD77700A135F1 /* AstroWeatherTests.swift in Sources */,
			);
			runOnlyForDeploymentPostprocessing = 0;
		};
		C9C9616523FAD77700A135F1 /* Sources */ = {
			isa = PBXSourcesBuildPhase;
			buildActionMask = 2147483647;
			files = (
				C9C9616E23FAD77700A135F1 /* AstroWeatherUITests.swift in Sources */,
			);
			runOnlyForDeploymentPostprocessing = 0;
		};
/* End PBXSourcesBuildPhase section */

/* Begin PBXTargetDependency section */
		C9C9616023FAD77700A135F1 /* PBXTargetDependency */ = {
			isa = PBXTargetDependency;
			target = C9C9614723FAD77400A135F1 /* AstroWeather */;
			targetProxy = C9C9615F23FAD77700A135F1 /* PBXContainerItemProxy */;
		};
		C9C9616B23FAD77700A135F1 /* PBXTargetDependency */ = {
			isa = PBXTargetDependency;
			target = C9C9614723FAD77400A135F1 /* AstroWeather */;
			targetProxy = C9C9616A23FAD77700A135F1 /* PBXContainerItemProxy */;
		};
/* End PBXTargetDependency section */

/* Begin PBXVariantGroup section */
		C9C9615123FAD77400A135F1 /* Main.storyboard */ = {
			isa = PBXVariantGroup;
			children = (
				C9C9615223FAD77400A135F1 /* Base */,
			);
			name = Main.storyboard;
			sourceTree = "<group>";
		};
		C9C9615623FAD77700A135F1 /* LaunchScreen.storyboard */ = {
			isa = PBXVariantGroup;
			children = (
				C9C9615723FAD77700A135F1 /* Base */,
			);
			name = LaunchScreen.storyboard;
			sourceTree = "<group>";
		};
/* End PBXVariantGroup section */

/* Begin XCBuildConfiguration section */
		C9C9617023FAD77700A135F1 /* Debug */ = {
			isa = XCBuildConfiguration;
			buildSettings = {
				ALWAYS_SEARCH_USER_PATHS = NO;
				CLANG_ANALYZER_NONNULL = YES;
				CLANG_ANALYZER_NUMBER_OBJECT_CONVERSION = YES_AGGRESSIVE;
				CLANG_CXX_LANGUAGE_STANDARD = "gnu++14";
				CLANG_CXX_LIBRARY = "libc++";
				CLANG_ENABLE_MODULES = YES;
				CLANG_ENABLE_OBJC_ARC = YES;
				CLANG_ENABLE_OBJC_WEAK = YES;
				CLANG_WARN_BLOCK_CAPTURE_AUTORELEASING = YES;
				CLANG_WARN_BOOL_CONVERSION = YES;
				CLANG_WARN_COMMA = YES;
				CLANG_WARN_CONSTANT_CONVERSION = YES;
				CLANG_WARN_DEPRECATED_OBJC_IMPLEMENTATIONS = YES;
				CLANG_WARN_DIRECT_OBJC_ISA_USAGE = YES_ERROR;
				CLANG_WARN_DOCUMENTATION_COMMENTS = YES;
				CLANG_WARN_EMPTY_BODY = YES;
				CLANG_WARN_ENUM_CONVERSION = YES;
				CLANG_WARN_INFINITE_RECURSION = YES;
				CLANG_WARN_INT_CONVERSION = YES;
				CLANG_WARN_NON_LITERAL_NULL_CONVERSION = YES;
				CLANG_WARN_OBJC_IMPLICIT_RETAIN_SELF = YES;
				CLANG_WARN_OBJC_LITERAL_CONVERSION = YES;
				CLANG_WARN_OBJC_ROOT_CLASS = YES_ERROR;
				CLANG_WARN_RANGE_LOOP_ANALYSIS = YES;
				CLANG_WARN_STRICT_PROTOTYPES = YES;
				CLANG_WARN_SUSPICIOUS_MOVE = YES;
				CLANG_WARN_UNGUARDED_AVAILABILITY = YES_AGGRESSIVE;
				CLANG_WARN_UNREACHABLE_CODE = YES;
				CLANG_WARN__DUPLICATE_METHOD_MATCH = YES;
				COPY_PHASE_STRIP = NO;
				DEBUG_INFORMATION_FORMAT = dwarf;
				ENABLE_STRICT_OBJC_MSGSEND = YES;
				ENABLE_TESTABILITY = YES;
				GCC_C_LANGUAGE_STANDARD = gnu11;
				GCC_DYNAMIC_NO_PIC = NO;
				GCC_NO_COMMON_BLOCKS = YES;
				GCC_OPTIMIZATION_LEVEL = 0;
				GCC_PREPROCESSOR_DEFINITIONS = (
					"DEBUG=1",
					"$(inherited)",
				);
				GCC_WARN_64_TO_32_BIT_CONVERSION = YES;
				GCC_WARN_ABOUT_RETURN_TYPE = YES_ERROR;
				GCC_WARN_UNDECLARED_SELECTOR = YES;
				GCC_WARN_UNINITIALIZED_AUTOS = YES_AGGRESSIVE;
				GCC_WARN_UNUSED_FUNCTION = YES;
				GCC_WARN_UNUSED_VARIABLE = YES;
				IPHONEOS_DEPLOYMENT_TARGET = 13.2;
				MTL_ENABLE_DEBUG_INFO = INCLUDE_SOURCE;
				MTL_FAST_MATH = YES;
				ONLY_ACTIVE_ARCH = YES;
				SDKROOT = iphoneos;
				SWIFT_ACTIVE_COMPILATION_CONDITIONS = DEBUG;
				SWIFT_OPTIMIZATION_LEVEL = "-Onone";
			};
			name = Debug;
		};
		C9C9617123FAD77700A135F1 /* Release */ = {
			isa = XCBuildConfiguration;
			buildSettings = {
				ALWAYS_SEARCH_USER_PATHS = NO;
				CLANG_ANALYZER_NONNULL = YES;
				CLANG_ANALYZER_NUMBER_OBJECT_CONVERSION = YES_AGGRESSIVE;
				CLANG_CXX_LANGUAGE_STANDARD = "gnu++14";
				CLANG_CXX_LIBRARY = "libc++";
				CLANG_ENABLE_MODULES = YES;
				CLANG_ENABLE_OBJC_ARC = YES;
				CLANG_ENABLE_OBJC_WEAK = YES;
				CLANG_WARN_BLOCK_CAPTURE_AUTORELEASING = YES;
				CLANG_WARN_BOOL_CONVERSION = YES;
				CLANG_WARN_COMMA = YES;
				CLANG_WARN_CONSTANT_CONVERSION = YES;
				CLANG_WARN_DEPRECATED_OBJC_IMPLEMENTATIONS = YES;
				CLANG_WARN_DIRECT_OBJC_ISA_USAGE = YES_ERROR;
				CLANG_WARN_DOCUMENTATION_COMMENTS = YES;
				CLANG_WARN_EMPTY_BODY = YES;
				CLANG_WARN_ENUM_CONVERSION = YES;
				CLANG_WARN_INFINITE_RECURSION = YES;
				CLANG_WARN_INT_CONVERSION = YES;
				CLANG_WARN_NON_LITERAL_NULL_CONVERSION = YES;
				CLANG_WARN_OBJC_IMPLICIT_RETAIN_SELF = YES;
				CLANG_WARN_OBJC_LITERAL_CONVERSION = YES;
				CLANG_WARN_OBJC_ROOT_CLASS = YES_ERROR;
				CLANG_WARN_RANGE_LOOP_ANALYSIS = YES;
				CLANG_WARN_STRICT_PROTOTYPES = YES;
				CLANG_WARN_SUSPICIOUS_MOVE = YES;
				CLANG_WARN_UNGUARDED_AVAILABILITY = YES_AGGRESSIVE;
				CLANG_WARN_UNREACHABLE_CODE = YES;
				CLANG_WARN__DUPLICATE_METHOD_MATCH = YES;
				COPY_PHASE_STRIP = NO;
				DEBUG_INFORMATION_FORMAT = "dwarf-with-dsym";
				ENABLE_NS_ASSERTIONS = NO;
				ENABLE_STRICT_OBJC_MSGSEND = YES;
				GCC_C_LANGUAGE_STANDARD = gnu11;
				GCC_NO_COMMON_BLOCKS = YES;
				GCC_WARN_64_TO_32_BIT_CONVERSION = YES;
				GCC_WARN_ABOUT_RETURN_TYPE = YES_ERROR;
				GCC_WARN_UNDECLARED_SELECTOR = YES;
				GCC_WARN_UNINITIALIZED_AUTOS = YES_AGGRESSIVE;
				GCC_WARN_UNUSED_FUNCTION = YES;
				GCC_WARN_UNUSED_VARIABLE = YES;
				IPHONEOS_DEPLOYMENT_TARGET = 13.2;
				MTL_ENABLE_DEBUG_INFO = NO;
				MTL_FAST_MATH = YES;
				SDKROOT = iphoneos;
				SWIFT_COMPILATION_MODE = wholemodule;
				SWIFT_OPTIMIZATION_LEVEL = "-O";
				VALIDATE_PRODUCT = YES;
			};
			name = Release;
		};
		C9C9617323FAD77700A135F1 /* Debug */ = {
			isa = XCBuildConfiguration;
			buildSettings = {
				ASSETCATALOG_COMPILER_APPICON_NAME = AppIcon;
				CODE_SIGN_STYLE = Automatic;
				INFOPLIST_FILE = AstroWeather/Info.plist;
				LD_RUNPATH_SEARCH_PATHS = (
					"$(inherited)",
					"@executable_path/Frameworks",
				);
				PRODUCT_BUNDLE_IDENTIFIER = com.nofar.AstroWeather;
				PRODUCT_NAME = "$(TARGET_NAME)";
				SWIFT_VERSION = 5.0;
				TARGETED_DEVICE_FAMILY = "1,2";
			};
			name = Debug;
		};
		C9C9617423FAD77700A135F1 /* Release */ = {
			isa = XCBuildConfiguration;
			buildSettings = {
				ASSETCATALOG_COMPILER_APPICON_NAME = AppIcon;
				CODE_SIGN_STYLE = Automatic;
				INFOPLIST_FILE = AstroWeather/Info.plist;
				LD_RUNPATH_SEARCH_PATHS = (
					"$(inherited)",
					"@executable_path/Frameworks",
				);
				PRODUCT_BUNDLE_IDENTIFIER = com.nofar.AstroWeather;
				PRODUCT_NAME = "$(TARGET_NAME)";
				SWIFT_VERSION = 5.0;
				TARGETED_DEVICE_FAMILY = "1,2";
			};
			name = Release;
		};
		C9C9617623FAD77700A135F1 /* Debug */ = {
			isa = XCBuildConfiguration;
			buildSettings = {
				ALWAYS_EMBED_SWIFT_STANDARD_LIBRARIES = YES;
				BUNDLE_LOADER = "$(TEST_HOST)";
				CODE_SIGN_STYLE = Automatic;
				INFOPLIST_FILE = AstroWeatherTests/Info.plist;
				IPHONEOS_DEPLOYMENT_TARGET = 13.2;
				LD_RUNPATH_SEARCH_PATHS = (
					"$(inherited)",
					"@executable_path/Frameworks",
					"@loader_path/Frameworks",
				);
				PRODUCT_BUNDLE_IDENTIFIER = com.nofar.AstroWeatherTests;
				PRODUCT_NAME = "$(TARGET_NAME)";
				SWIFT_VERSION = 5.0;
				TARGETED_DEVICE_FAMILY = "1,2";
				TEST_HOST = "$(BUILT_PRODUCTS_DIR)/AstroWeather.app/AstroWeather";
			};
			name = Debug;
		};
		C9C9617723FAD77700A135F1 /* Release */ = {
			isa = XCBuildConfiguration;
			buildSettings = {
				ALWAYS_EMBED_SWIFT_STANDARD_LIBRARIES = YES;
				BUNDLE_LOADER = "$(TEST_HOST)";
				CODE_SIGN_STYLE = Automatic;
				INFOPLIST_FILE = AstroWeatherTests/Info.plist;
				IPHONEOS_DEPLOYMENT_TARGET = 13.2;
				LD_RUNPATH_SEARCH_PATHS = (
					"$(inherited)",
					"@executable_path/Frameworks",
					"@loader_path/Frameworks",
				);
				PRODUCT_BUNDLE_IDENTIFIER = com.nofar.AstroWeatherTests;
				PRODUCT_NAME = "$(TARGET_NAME)";
				SWIFT_VERSION = 5.0;
				TARGETED_DEVICE_FAMILY = "1,2";
				TEST_HOST = "$(BUILT_PRODUCTS_DIR)/AstroWeather.app/AstroWeather";
			};
			name = Release;
		};
		C9C9617923FAD77700A135F1 /* Debug */ = {
			isa = XCBuildConfiguration;
			buildSettings = {
				ALWAYS_EMBED_SWIFT_STANDARD_LIBRARIES = YES;
				CODE_SIGN_STYLE = Automatic;
				INFOPLIST_FILE = AstroWeatherUITests/Info.plist;
				LD_RUNPATH_SEARCH_PATHS = (
					"$(inherited)",
					"@executable_path/Frameworks",
					"@loader_path/Frameworks",
				);
				PRODUCT_BUNDLE_IDENTIFIER = com.nofar.AstroWeatherUITests;
				PRODUCT_NAME = "$(TARGET_NAME)";
				SWIFT_VERSION = 5.0;
				TARGETED_DEVICE_FAMILY = "1,2";
				TEST_TARGET_NAME = AstroWeather;
			};
			name = Debug;
		};
		C9C9617A23FAD77700A135F1 /* Release */ = {
			isa = XCBuildConfiguration;
			buildSettings = {
				ALWAYS_EMBED_SWIFT_STANDARD_LIBRARIES = YES;
				CODE_SIGN_STYLE = Automatic;
				INFOPLIST_FILE = AstroWeatherUITests/Info.plist;
				LD_RUNPATH_SEARCH_PATHS = (
					"$(inherited)",
					"@executable_path/Frameworks",
					"@loader_path/Frameworks",
				);
				PRODUCT_BUNDLE_IDENTIFIER = com.nofar.AstroWeatherUITests;
				PRODUCT_NAME = "$(TARGET_NAME)";
				SWIFT_VERSION = 5.0;
				TARGETED_DEVICE_FAMILY = "1,2";
				TEST_TARGET_NAME = AstroWeather;
			};
			name = Release;
		};
/* End XCBuildConfiguration section */

/* Begin XCConfigurationList section */
		C9C9614323FAD77400A135F1 /* Build configuration list for PBXProject "AstroWeather" */ = {
			isa = XCConfigurationList;
			buildConfigurations = (
				C9C9617023FAD77700A135F1 /* Debug */,
				C9C9617123FAD77700A135F1 /* Release */,
			);
			defaultConfigurationIsVisible = 0;
			defaultConfigurationName = Release;
		};
		C9C9617223FAD77700A135F1 /* Build configuration list for PBXNativeTarget "AstroWeather" */ = {
			isa = XCConfigurationList;
			buildConfigurations = (
				C9C9617323FAD77700A135F1 /* Debug */,
				C9C9617423FAD77700A135F1 /* Release */,
			);
			defaultConfigurationIsVisible = 0;
			defaultConfigurationName = Release;
		};
		C9C9617523FAD77700A135F1 /* Build configuration list for PBXNativeTarget "AstroWeatherTests" */ = {
			isa = XCConfigurationList;
			buildConfigurations = (
				C9C9617623FAD77700A135F1 /* Debug */,
				C9C9617723FAD77700A135F1 /* Release */,
			);
			defaultConfigurationIsVisible = 0;
			defaultConfigurationName = Release;
		};
		C9C9617823FAD77700A135F1 /* Build configuration list for PBXNativeTarget "AstroWeatherUITests" */ = {
			isa = XCConfigurationList;
			buildConfigurations = (
				C9C9617923FAD77700A135F1 /* Debug */,
				C9C9617A23FAD77700A135F1 /* Release */,
			);
			defaultConfigurationIsVisible = 0;
			defaultConfigurationName = Release;
		};
/* End XCConfigurationList section */
	};
	rootObject = C9C9614023FAD77400A135F1 /* Project object */;
}
